{
  "name": "npm-proj-1695195276102-0.5909395463396558pwZbVg",
  "lockfileVersion": 2,
  "requires": true,
  "packages": {
    "": {
      "dependencies": {
        "@fullcalendar/core": "^6.1.4",
        "@fullcalendar/daygrid": "^6.1.4",
        "@fullcalendar/list": "^6.1.4",
        "@fullcalendar/timegrid": "^6.1.8"
      }
    },
    "node_modules/@fullcalendar/core": {
      "version": "6.1.8",
      "resolved": "https://registry.npmjs.org/@fullcalendar/core/-/core-6.1.8.tgz",
      "integrity": "sha512-i8JBIvZCWGO9dsMEDcx9bnsQZ9PtGSJdOXGgWbhLaGq2iq41OBdp9g9gM4b/Otv2oK8bL5Gl6CsMmb/HkDtA6Q==",
      "dependencies": {
        "preact": "~10.12.1"
      }
    },
    "node_modules/@fullcalendar/daygrid": {
      "version": "6.1.8",
      "resolved": "https://registry.npmjs.org/@fullcalendar/daygrid/-/daygrid-6.1.8.tgz",
      "integrity": "sha512-kCZxQFKb9Vqa3CZRX0v7rMSJ2mlTt4gDpyLfiNJKxUAq7W51uKurPaFZWicaXy1ESHVBxKNlbx5uNjBpyu50JQ==",
      "peerDependencies": {
        "@fullcalendar/core": "~6.1.8"
      }
    },
    "node_modules/@fullcalendar/list": {
      "version": "6.1.4",
      "resolved": "https://registry.npmjs.org/@fullcalendar/list/-/list-6.1.4.tgz",
      "integrity": "sha512-RY2fE9J7ckzhKtvHOWhlI2FnVEBC4Z9ZlgRBE2nQekX2+THt+3KnZtOQxuYGnGi30NBKx794YsXeIc6/Lnl0Ww==",
      "peerDependencies": {
        "@fullcalendar/core": "~6.1.4"
      }
    },
    "node_modules/@fullcalendar/timegrid": {
      "version": "6.1.8",
      "resolved": "https://registry.npmjs.org/@fullcalendar/timegrid/-/timegrid-6.1.8.tgz",
      "integrity": "sha512-3+3KHHCoNcaLs/gQt004hAqICbY5+WAffrZ0ePv+80HFB1OVh8BQ5XXLHSOUbTvXdgtUTcfBHuw9fhO31kt5gA==",
      "dependencies": {
        "@fullcalendar/daygrid": "~6.1.8"
      },
      "peerDependencies": {
        "@fullcalendar/core": "~6.1.8"
      }
    },
    "node_modules/preact": {
      "version": "10.12.1",
      "resolved": "https://registry.npmjs.org/preact/-/preact-10.12.1.tgz",
      "integrity": "sha512-l8386ixSsBdbreOAkqtrwqHwdvR35ID8c3rKPa8lCWuO86dBi32QWHV4vfsZK1utLLFMvw+Z5Ad4XLkZzchscg==",
      "funding": {
        "type": "opencollective",
        "url": "https://opencollective.com/preact"
      }
    }
  },
  "dependencies": {
    "@fullcalendar/core": {
      "version": "6.1.8",
      "resolved": "https://registry.npmjs.org/@fullcalendar/core/-/core-6.1.8.tgz",
      "integrity": "sha512-i8JBIvZCWGO9dsMEDcx9bnsQZ9PtGSJdOXGgWbhLaGq2iq41OBdp9g9gM4b/Otv2oK8bL5Gl6CsMmb/HkDtA6Q==",
      "requires": {
        "preact": "~10.12.1"
      }
    },
    "@fullcalendar/daygrid": {
      "version": "6.1.8",
      "resolved": "https://registry.npmjs.org/@fullcalendar/daygrid/-/daygrid-6.1.8.tgz",
      "integrity": "sha512-kCZxQFKb9Vqa3CZRX0v7rMSJ2mlTt4gDpyLfiNJKxUAq7W51uKurPaFZWicaXy1ESHVBxKNlbx5uNjBpyu50JQ==",
      "requires": {}
    },
    "@fullcalendar/list": {
      "version": "6.1.4",
      "resolved": "https://registry.npmjs.org/@fullcalendar/list/-/list-6.1.4.tgz",
      "integrity": "sha512-RY2fE9J7ckzhKtvHOWhlI2FnVEBC4Z9ZlgRBE2nQekX2+THt+3KnZtOQxuYGnGi30NBKx794YsXeIc6/Lnl0Ww==",
      "requires": {}
    },
    "@fullcalendar/timegrid": {
      "version": "6.1.8",
      "resolved": "https://registry.npmjs.org/@fullcalendar/timegrid/-/timegrid-6.1.8.tgz",
      "integrity": "sha512-3+3KHHCoNcaLs/gQt004hAqICbY5+WAffrZ0ePv+80HFB1OVh8BQ5XXLHSOUbTvXdgtUTcfBHuw9fhO31kt5gA==",
      "requires": {
        "@fullcalendar/daygrid": "~6.1.8"
      }
    },
    "preact": {
      "version": "10.12.1",
      "resolved": "https://registry.npmjs.org/preact/-/preact-10.12.1.tgz",
      "integrity": "sha512-l8386ixSsBdbreOAkqtrwqHwdvR35ID8c3rKPa8lCWuO86dBi32QWHV4vfsZK1utLLFMvw+Z5Ad4XLkZzchscg=="
    }
  }
}
